hash: 8e751a33a539da6925c73221f591d001b5b908d6dc68bedea538f75d5b0fee1f
updated: 2017-08-15T20:51:54.330985578+02:00
imports:
- name: github.com/chzyer/readline
  version: 62c6fe6193755f722b8b8788aa7357be55a50ff1
- name: github.com/fatih/color
  version: 570b54cabe6b8eb0bc2dfce68d964677d63b5260
- name: github.com/mattn/go-colorable
  version: 5411d3eea5978e6cdc258b30de592b60df6aba96
  repo: https://github.com/mattn/go-colorable
- name: github.com/mattn/go-isatty
  version: 57fdcb988a5c543893cc61bce354a6e24ab70022
  repo: https://github.com/mattn/go-isatty
- name: github.com/urfave/cli
  version: cfb38830724cc34fedffe9a2a29fb54fa9169cd1
- name: golang.org/x/sys
  version: e24f485414aeafb646f6fca458b0bf869c0880a1
  repo: https://go.googlesource.com/sys
  subpackages:
  - unix
- name: gopkg.in/mgo.v2
  version: 3f83fa5005286a7fe593b055f0d7771a7dce4655
testImports: []
